
Microsoft Visual Studio Solution File, Format Version 12.00
# Visual Studio Version 17
VisualStudioVersion = 17.0.31903.59
MinimumVisualStudioVersion = 10.0.40219.1
Project("{FAE04EC0-301F-11D3-BF4B-00C04F79EFBC}") = "app-console-httpclient", "app-console-httpclient\app-console-httpclient.csproj", "{02249047-6ADD-4D90-985A-E689DDC536AB}"
EndProject
Project("{FAE04EC0-301F-11D3-BF4B-00C04F79EFBC}") = "minimal-api", "minimal-api\minimal-api.csproj", "{EBD0762E-BB36-465B-8290-DAC2CC15EE42}"
EndProject
Global
	GlobalSection(SolutionConfigurationPlatforms) = preSolution
		Debug|Any CPU = Debug|Any CPU
		Release|Any CPU = Release|Any CPU
	EndGlobalSection
	GlobalSection(SolutionProperties) = preSolution
		HideSolutionNode = FALSE
	EndGlobalSection
	GlobalSection(ProjectConfigurationPlatforms) = postSolution
		{02249047-6ADD-4D90-985A-E689DDC536AB}.Debug|Any CPU.ActiveCfg = Debug|Any CPU
		{02249047-6ADD-4D90-985A-E689DDC536AB}.Debug|Any CPU.Build.0 = Debug|Any CPU
		{02249047-6ADD-4D90-985A-E689DDC536AB}.Release|Any CPU.ActiveCfg = Release|Any CPU
		{02249047-6ADD-4D90-985A-E689DDC536AB}.Release|Any CPU.Build.0 = Release|Any CPU
		{EBD0762E-BB36-465B-8290-DAC2CC15EE42}.Debug|Any CPU.ActiveCfg = Debug|Any CPU
		{EBD0762E-BB36-465B-8290-DAC2CC15EE42}.Debug|Any CPU.Build.0 = Debug|Any CPU
		{EBD0762E-BB36-465B-8290-DAC2CC15EE42}.Release|Any CPU.ActiveCfg = Release|Any CPU
		{EBD0762E-BB36-465B-8290-DAC2CC15EE42}.Release|Any CPU.Build.0 = Release|Any CPU
	EndGlobalSection
EndGlobal
